// !$*UTF8*$!
{
	archiveVersion = 1;
	classes = {
	};
	objectVersion = 55;
	objects = {

/* Begin PBXBuildFile section */
		C94AF9F527BDDE8A005E4067 /* Tests_iOS.swift in Sources */ = {isa = PBXBuildFile; fileRef = C94AF9F427BDDE8A005E4067 /* Tests_iOS.swift */; };
		C94AF9F727BDDE8A005E4067 /* Tests_iOSLaunchTests.swift in Sources */ = {isa = PBXBuildFile; fileRef = C94AF9F627BDDE8A005E4067 /* Tests_iOSLaunchTests.swift */; };
		C94AFA0127BDDE8A005E4067 /* Tests_macOS.swift in Sources */ = {isa = PBXBuildFile; fileRef = C94AFA0027BDDE8A005E4067 /* Tests_macOS.swift */; };
		C94AFA0327BDDE8A005E4067 /* Tests_macOSLaunchTests.swift in Sources */ = {isa = PBXBuildFile; fileRef = C94AFA0227BDDE8A005E4067 /* Tests_macOSLaunchTests.swift */; };
		C94AFA0427BDDE8A005E4067 /* Simple_CalculatorApp.swift in Sources */ = {isa = PBXBuildFile; fileRef = C94AF9DC27BDDE8A005E4067 /* Simple_CalculatorApp.swift */; };
		C94AFA0527BDDE8A005E4067 /* Simple_CalculatorApp.swift in Sources */ = {isa = PBXBuildFile; fileRef = C94AF9DC27BDDE8A005E4067 /* Simple_CalculatorApp.swift */; };
		C94AFA0627BDDE8A005E4067 /* ContentView.swift in Sources */ = {isa = PBXBuildFile; fileRef = C94AF9DD27BDDE8A005E4067 /* ContentView.swift */; };
		C94AFA0727BDDE8A005E4067 /* ContentView.swift in Sources */ = {isa = PBXBuildFile; fileRef = C94AF9DD27BDDE8A005E4067 /* ContentView.swift */; };
		C94AFA0827BDDE8A005E4067 /* Assets.xcassets in Resources */ = {isa = PBXBuildFile; fileRef = C94AF9DE27BDDE8A005E4067 /* Assets.xcassets */; };
		C94AFA0927BDDE8A005E4067 /* Assets.xcassets in Resources */ = {isa = PBXBuildFile; fileRef = C94AF9DE27BDDE8A005E4067 /* Assets.xcassets */; };
		C94AFA1927BDDE9E005E4067 /* Calculator.swift in Sources */ = {isa = PBXBuildFile; fileRef = C94AFA1827BDDE9D005E4067 /* Calculator.swift */; };
		C94AFA1A27BDDE9E005E4067 /* Calculator.swift in Sources */ = {isa = PBXBuildFile; fileRef = C94AFA1827BDDE9D005E4067 /* Calculator.swift */; };
		C94AFA1C27BDDF41005E4067 /* CalculatorButtons.swift in Sources */ = {isa = PBXBuildFile; fileRef = C94AFA1B27BDDF41005E4067 /* CalculatorButtons.swift */; };
		C94AFA1D27BDDF41005E4067 /* CalculatorButtons.swift in Sources */ = {isa = PBXBuildFile; fileRef = C94AFA1B27BDDF41005E4067 /* CalculatorButtons.swift */; };
		C94AFA1F27BE0BE2005E4067 /* CalculatorButton.swift in Sources */ = {isa = PBXBuildFile; fileRef = C94AFA1E27BE0BE2005E4067 /* CalculatorButton.swift */; };
		C94AFA2027BE0BE2005E4067 /* CalculatorButton.swift in Sources */ = {isa = PBXBuildFile; fileRef = C94AFA1E27BE0BE2005E4067 /* CalculatorButton.swift */; };
		C94AFA2227BE23D7005E4067 /* CalculatorDisplay.swift in Sources */ = {isa = PBXBuildFile; fileRef = C94AFA2127BE23D7005E4067 /* CalculatorDisplay.swift */; };
		C94AFA2327BE23D7005E4067 /* CalculatorDisplay.swift in Sources */ = {isa = PBXBuildFile; fileRef = C94AFA2127BE23D7005E4067 /* CalculatorDisplay.swift */; };
		C94AFA2527BE340A005E4067 /* Expression.swift in Sources */ = {isa = PBXBuildFile; fileRef = C94AFA2427BE340A005E4067 /* Expression.swift */; };
		C94AFA2627BE340A005E4067 /* Expression.swift in Sources */ = {isa = PBXBuildFile; fileRef = C94AFA2427BE340A005E4067 /* Expression.swift */; };
/* End PBXBuildFile section */

/* Begin PBXContainerItemProxy section */
		C94AF9F127BDDE8A005E4067 /* PBXContainerItemProxy */ = {
			isa = PBXContainerItemProxy;
			containerPortal = C94AF9D727BDDE8A005E4067 /* Project object */;
			proxyType = 1;
			remoteGlobalIDString = C94AF9E227BDDE8A005E4067;
			remoteInfo = "Simple Calculator (iOS)";
		};
		C94AF9FD27BDDE8A005E4067 /* PBXContainerItemProxy */ = {
			isa = PBXContainerItemProxy;
			containerPortal = C94AF9D727BDDE8A005E4067 /* Project object */;
			proxyType = 1;
			remoteGlobalIDString = C94AF9E827BDDE8A005E4067;
			remoteInfo = "Simple Calculator (macOS)";
		};
/* End PBXContainerItemProxy section */

/* Begin PBXFileReference section */
		C94AF9DC27BDDE8A005E4067 /* Simple_CalculatorApp.swift */ = {isa = PBXFileReference; lastKnownFileType = sourcecode.swift; path = Simple_CalculatorApp.swift; sourceTree = "<group>"; };
		C94AF9DD27BDDE8A005E4067 /* ContentView.swift */ = {isa = PBXFileReference; lastKnownFileType = sourcecode.swift; path = ContentView.swift; sourceTree = "<group>"; };
		C94AF9DE27BDDE8A005E4067 /* Assets.xcassets */ = {isa = PBXFileReference; lastKnownFileType = folder.assetcatalog; path = Assets.xcassets; sourceTree = "<group>"; };
		C94AF9E327BDDE8A005E4067 /* Simple Calculator.app */ = {isa = PBXFileReference; explicitFileType = wrapper.application; includeInIndex = 0; path = "Simple Calculator.app"; sourceTree = BUILT_PRODUCTS_DIR; };
		C94AF9E927BDDE8A005E4067 /* Simple Calculator.app */ = {isa = PBXFileReference; explicitFileType = wrapper.application; includeInIndex = 0; path = "Simple Calculator.app"; sourceTree = BUILT_PRODUCTS_DIR; };
		C94AF9EB27BDDE8A005E4067 /* macOS.entitlements */ = {isa = PBXFileReference; lastKnownFileType = text.plist.entitlements; path = macOS.entitlements; sourceTree = "<group>"; };
		C94AF9F027BDDE8A005E4067 /* Tests iOS.xctest */ = {isa = PBXFileReference; explicitFileType = wrapper.cfbundle; includeInIndex = 0; path = "Tests iOS.xctest"; sourceTree = BUILT_PRODUCTS_DIR; };
		C94AF9F427BDDE8A005E4067 /* Tests_iOS.swift */ = {isa = PBXFileReference; lastKnownFileType = sourcecode.swift; path = Tests_iOS.swift; sourceTree = "<group>"; };
		C94AF9F627BDDE8A005E4067 /* Tests_iOSLaunchTests.swift */ = {isa = PBXFileReference; lastKnownFileType = sourcecode.swift; path = Tests_iOSLaunchTests.swift; sourceTree = "<group>"; };
		C94AF9FC27BDDE8A005E4067 /* Tests macOS.xctest */ = {isa = PBXFileReference; explicitFileType = wrapper.cfbundle; includeInIndex = 0; path = "Tests macOS.xctest"; sourceTree = BUILT_PRODUCTS_DIR; };
		C94AFA0027BDDE8A005E4067 /* Tests_macOS.swift */ = {isa = PBXFileReference; lastKnownFileType = sourcecode.swift; path = Tests_macOS.swift; sourceTree = "<group>"; };
		C94AFA0227BDDE8A005E4067 /* Tests_macOSLaunchTests.swift */ = {isa = PBXFileReference; lastKnownFileType = sourcecode.swift; path = Tests_macOSLaunchTests.swift; sourceTree = "<group>"; };
		C94AFA1827BDDE9D005E4067 /* Calculator.swift */ = {isa = PBXFileReference; lastKnownFileType = sourcecode.swift; path = Calculator.swift; sourceTree = "<group>"; };
		C94AFA1B27BDDF41005E4067 /* CalculatorButtons.swift */ = {isa = PBXFileReference; lastKnownFileType = sourcecode.swift; path = CalculatorButtons.swift; sourceTree = "<group>"; };
		C94AFA1E27BE0BE2005E4067 /* CalculatorButton.swift */ = {isa = PBXFileReference; lastKnownFileType = sourcecode.swift; path = CalculatorButton.swift; sourceTree = "<group>"; };
		C94AFA2127BE23D7005E4067 /* CalculatorDisplay.swift */ = {isa = PBXFileReference; lastKnownFileType = sourcecode.swift; path = CalculatorDisplay.swift; sourceTree = "<group>"; };
		C94AFA2427BE340A005E4067 /* Expression.swift */ = {isa = PBXFileReference; lastKnownFileType = sourcecode.swift; path = Expression.swift; sourceTree = "<group>"; };
/* End PBXFileReference section */

/* Begin PBXFrameworksBuildPhase section */
		C94AF9E027BDDE8A005E4067 /* Frameworks */ = {
			isa = PBXFrameworksBuildPhase;
			buildActionMask = 2147483647;
			files = (
			);
			runOnlyForDeploymentPostprocessing = 0;
		};
		C94AF9E627BDDE8A005E4067 /* Frameworks */ = {
			isa = PBXFrameworksBuildPhase;
			buildActionMask = 2147483647;
			files = (
			);
			runOnlyForDeploymentPostprocessing = 0;
		};
		C94AF9ED27BDDE8A005E4067 /* Frameworks */ = {
			isa = PBXFrameworksBuildPhase;
			buildActionMask = 2147483647;
			files = (
			);
			runOnlyForDeploymentPostprocessing = 0;
		};
		C94AF9F927BDDE8A005E4067 /* Frameworks */ = {
			isa = PBXFrameworksBuildPhase;
			buildActionMask = 2147483647;
			files = (
			);
			runOnlyForDeploymentPostprocessing = 0;
		};
/* End PBXFrameworksBuildPhase section */

/* Begin PBXGroup section */
		C94AF9D627BDDE8A005E4067 = {
			isa = PBXGroup;
			children = (
				C94AF9DB27BDDE8A005E4067 /* Shared */,
				C94AF9EA27BDDE8A005E4067 /* macOS */,
				C94AF9F327BDDE8A005E4067 /* Tests iOS */,
				C94AF9FF27BDDE8A005E4067 /* Tests macOS */,
				C94AF9E427BDDE8A005E4067 /* Products */,
			);
			sourceTree = "<group>";
		};
		C94AF9DB27BDDE8A005E4067 /* Shared */ = {
			isa = PBXGroup;
			children = (
				C94AFA2927BEAA74005E4067 /* View */,
				C94AFA2727BEAA54005E4067 /* Model */,
				C94AF9DC27BDDE8A005E4067 /* Simple_CalculatorApp.swift */,
				C94AF9DD27BDDE8A005E4067 /* ContentView.swift */,
				C94AF9DE27BDDE8A005E4067 /* Assets.xcassets */,
				C94AFA1827BDDE9D005E4067 /* Calculator.swift */,
				C94AFA2427BE340A005E4067 /* Expression.swift */,
				C94AFA1E27BE0BE2005E4067 /* CalculatorButton.swift */,
			);
			path = Shared;
			sourceTree = "<group>";
		};
		C94AF9E427BDDE8A005E4067 /* Products */ = {
			isa = PBXGroup;
			children = (
				C94AF9E327BDDE8A005E4067 /* Simple Calculator.app */,
				C94AF9E927BDDE8A005E4067 /* Simple Calculator.app */,
				C94AF9F027BDDE8A005E4067 /* Tests iOS.xctest */,
				C94AF9FC27BDDE8A005E4067 /* Tests macOS.xctest */,
			);
			name = Products;
			sourceTree = "<group>";
		};
		C94AF9EA27BDDE8A005E4067 /* macOS */ = {
			isa = PBXGroup;
			children = (
				C94AF9EB27BDDE8A005E4067 /* macOS.entitlements */,
			);
			path = macOS;
			sourceTree = "<group>";
		};
		C94AF9F327BDDE8A005E4067 /* Tests iOS */ = {
			isa = PBXGroup;
			children = (
				C94AF9F427BDDE8A005E4067 /* Tests_iOS.swift */,
				C94AF9F627BDDE8A005E4067 /* Tests_iOSLaunchTests.swift */,
			);
			path = "Tests iOS";
			sourceTree = "<group>";
		};
		C94AF9FF27BDDE8A005E4067 /* Tests macOS */ = {
			isa = PBXGroup;
			children = (
				C94AFA0027BDDE8A005E4067 /* Tests_macOS.swift */,
				C94AFA0227BDDE8A005E4067 /* Tests_macOSLaunchTests.swift */,
			);
			path = "Tests macOS";
			sourceTree = "<group>";
		};
		C94AFA2727BEAA54005E4067 /* Model */ = {
			isa = PBXGroup;
			children = (
			);
			path = Model;
			sourceTree = "<group>";
		};
		C94AFA2927BEAA74005E4067 /* View */ = {
			isa = PBXGroup;
			children = (
				C94AFA2127BE23D7005E4067 /* CalculatorDisplay.swift */,
				C94AFA1B27BDDF41005E4067 /* CalculatorButtons.swift */,
			);
			path = View;
			sourceTree = "<group>";
		};
/* End PBXGroup section */

/* Begin PBXNativeTarget section */
		C94AF9E227BDDE8A005E4067 /* Simple Calculator (iOS) */ = {
			isa = PBXNativeTarget;
			buildConfigurationList = C94AFA0C27BDDE8A005E4067 /* Build configuration list for PBXNativeTarget "Simple Calculator (iOS)" */;
			buildPhases = (
				C94AF9DF27BDDE8A005E4067 /* Sources */,
				C94AF9E027BDDE8A005E4067 /* Frameworks */,
				C94AF9E127BDDE8A005E4067 /* Resources */,
			);
			buildRules = (
			);
			dependencies = (
			);
			name = "Simple Calculator (iOS)";
			productName = "Simple Calculator (iOS)";
			productReference = C94AF9E327BDDE8A005E4067 /* Simple Calculator.app */;
			productType = "com.apple.product-type.application";
		};
		C94AF9E827BDDE8A005E4067 /* Simple Calculator (macOS) */ = {
			isa = PBXNativeTarget;
			buildConfigurationList = C94AFA0F27BDDE8A005E4067 /* Build configuration list for PBXNativeTarget "Simple Calculator (macOS)" */;
			buildPhases = (
				C94AF9E527BDDE8A005E4067 /* Sources */,
				C94AF9E627BDDE8A005E4067 /* Frameworks */,
				C94AF9E727BDDE8A005E4067 /* Resources */,
			);
			buildRules = (
			);
			dependencies = (
			);
			name = "Simple Calculator (macOS)";
			productName = "Simple Calculator (macOS)";
			productReference = C94AF9E927BDDE8A005E4067 /* Simple Calculator.app */;
			productType = "com.apple.product-type.application";
		};
		C94AF9EF27BDDE8A005E4067 /* Tests iOS */ = {
			isa = PBXNativeTarget;
			buildConfigurationList = C94AFA1227BDDE8A005E4067 /* Build configuration list for PBXNativeTarget "Tests iOS" */;
			buildPhases = (
				C94AF9EC27BDDE8A005E4067 /* Sources */,
				C94AF9ED27BDDE8A005E4067 /* Frameworks */,
				C94AF9EE27BDDE8A005E4067 /* Resources */,
			);
			buildRules = (
			);
			dependencies = (
				C94AF9F227BDDE8A005E4067 /* PBXTargetDependency */,
			);
			name = "Tests iOS";
			productName = "Tests iOS";
			productReference = C94AF9F027BDDE8A005E4067 /* Tests iOS.xctest */;
			productType = "com.apple.product-type.bundle.ui-testing";
		};
		C94AF9FB27BDDE8A005E4067 /* Tests macOS */ = {
			isa = PBXNativeTarget;
			buildConfigurationList = C94AFA1527BDDE8A005E4067 /* Build configuration list for PBXNativeTarget "Tests macOS" */;
			buildPhases = (
				C94AF9F827BDDE8A005E4067 /* Sources */,
				C94AF9F927BDDE8A005E4067 /* Frameworks */,
				C94AF9FA27BDDE8A005E4067 /* Resources */,
			);
			buildRules = (
			);
			dependencies = (
				C94AF9FE27BDDE8A005E4067 /* PBXTargetDependency */,
			);
			name = "Tests macOS";
			productName = "Tests macOS";
			productReference = C94AF9FC27BDDE8A005E4067 /* Tests macOS.xctest */;
			productType = "com.apple.product-type.bundle.ui-testing";
		};
/* End PBXNativeTarget section */

/* Begin PBXProject section */
		C94AF9D727BDDE8A005E4067 /* Project object */ = {
			isa = PBXProject;
			attributes = {
				BuildIndependentTargetsInParallel = 1;
				LastSwiftUpdateCheck = 1320;
				LastUpgradeCheck = 1320;
				TargetAttributes = {
					C94AF9E227BDDE8A005E4067 = {
						CreatedOnToolsVersion = 13.2.1;
					};
					C94AF9E827BDDE8A005E4067 = {
						CreatedOnToolsVersion = 13.2.1;
					};
					C94AF9EF27BDDE8A005E4067 = {
						CreatedOnToolsVersion = 13.2.1;
						TestTargetID = C94AF9E227BDDE8A005E4067;
					};
					C94AF9FB27BDDE8A005E4067 = {
						CreatedOnToolsVersion = 13.2.1;
						TestTargetID = C94AF9E827BDDE8A005E4067;
					};
				};
			};
			buildConfigurationList = C94AF9DA27BDDE8A005E4067 /* Build configuration list for PBXProject "Simple Calculator" */;
			compatibilityVersion = "Xcode 13.0";
			developmentRegion = en;
			hasScannedForEncodings = 0;
			knownRegions = (
				en,
				Base,
			);
			mainGroup = C94AF9D627BDDE8A005E4067;
			productRefGroup = C94AF9E427BDDE8A005E4067 /* Products */;
			projectDirPath = "";
			projectRoot = "";
			targets = (
				C94AF9E227BDDE8A005E4067 /* Simple Calculator (iOS) */,
				C94AF9E827BDDE8A005E4067 /* Simple Calculator (macOS) */,
				C94AF9EF27BDDE8A005E4067 /* Tests iOS */,
				C94AF9FB27BDDE8A005E4067 /* Tests macOS */,
			);
		};
/* End PBXProject section */

/* Begin PBXResourcesBuildPhase section */
		C94AF9E127BDDE8A005E4067 /* Resources */ = {
			isa = PBXResourcesBuildPhase;
			buildActionMask = 2147483647;
			files = (
				C94AFA0827BDDE8A005E4067 /* Assets.xcassets in Resources */,
			);
			runOnlyForDeploymentPostprocessing = 0;
		};
		C94AF9E727BDDE8A005E4067 /* Resources */ = {
			isa = PBXResourcesBuildPhase;
			buildActionMask = 2147483647;
			files = (
				C94AFA0927BDDE8A005E4067 /* Assets.xcassets in Resources */,
			);
			runOnlyForDeploymentPostprocessing = 0;
		};
		C94AF9EE27BDDE8A005E4067 /* Resources */ = {
			isa = PBXResourcesBuildPhase;
			buildActionMask = 2147483647;
			files = (
			);
			runOnlyForDeploymentPostprocessing = 0;
		};
		C94AF9FA27BDDE8A005E4067 /* Resources */ = {
			isa = PBXResourcesBuildPhase;
			buildActionMask = 2147483647;
			files = (
			);
			runOnlyForDeploymentPostprocessing = 0;
		};
/* End PBXResourcesBuildPhase section */

/* Begin PBXSourcesBuildPhase section */
		C94AF9DF27BDDE8A005E4067 /* Sources */ = {
			isa = PBXSourcesBuildPhase;
			buildActionMask = 2147483647;
			files = (
				C94AFA0627BDDE8A005E4067 /* ContentView.swift in Sources */,
				C94AFA0427BDDE8A005E4067 /* Simple_CalculatorApp.swift in Sources */,
				C94AFA2227BE23D7005E4067 /* CalculatorDisplay.swift in Sources */,
				C94AFA1927BDDE9E005E4067 /* Calculator.swift in Sources */,
				C94AFA1C27BDDF41005E4067 /* CalculatorButtons.swift in Sources */,
				C94AFA2527BE340A005E4067 /* Expression.swift in Sources */,
				C94AFA1F27BE0BE2005E4067 /* CalculatorButton.swift in Sources */,
			);
			runOnlyForDeploymentPostprocessing = 0;
		};
		C94AF9E527BDDE8A005E4067 /* Sources */ = {
			isa = PBXSourcesBuildPhase;
			buildActionMask = 2147483647;
			files = (
				C94AFA0727BDDE8A005E4067 /* ContentView.swift in Sources */,
				C94AFA0527BDDE8A005E4067 /* Simple_CalculatorApp.swift in Sources */,
				C94AFA2327BE23D7005E4067 /* CalculatorDisplay.swift in Sources */,
				C94AFA1A27BDDE9E005E4067 /* Calculator.swift in Sources */,
				C94AFA1D27BDDF41005E4067 /* CalculatorButtons.swift in Sources */,
				C94AFA2627BE340A005E4067 /* Expression.swift in Sources */,
				C94AFA2027BE0BE2005E4067 /* CalculatorButton.swift in Sources */,
			);
			runOnlyForDeploymentPostprocessing = 0;
		};
		C94AF9EC27BDDE8A005E4067 /* Sources */ = {
			isa = PBXSourcesBuildPhase;
			buildActionMask = 2147483647;
			files = (
				C94AF9F727BDDE8A005E4067 /* Tests_iOSLaunchTests.swift in Sources */,
				C94AF9F527BDDE8A005E4067 /* Tests_iOS.swift in Sources */,
			);
			runOnlyForDeploymentPostprocessing = 0;
		};
		C94AF9F827BDDE8A005E4067 /* Sources */ = {
			isa = PBXSourcesBuildPhase;
			buildActionMask = 2147483647;
			files = (
				C94AFA0327BDDE8A005E4067 /* Tests_macOSLaunchTests.swift in Sources */,
				C94AFA0127BDDE8A005E4067 /* Tests_macOS.swift in Sources */,
			);
			runOnlyForDeploymentPostprocessing = 0;
		};
/* End PBXSourcesBuildPhase section */

/* Begin PBXTargetDependency section */
		C94AF9F227BDDE8A005E4067 /* PBXTargetDependency */ = {
			isa = PBXTargetDependency;
			target = C94AF9E227BDDE8A005E4067 /* Simple Calculator (iOS) */;
			targetProxy = C94AF9F127BDDE8A005E4067 /* PBXContainerItemProxy */;
		};
		C94AF9FE27BDDE8A005E4067 /* PBXTargetDependency */ = {
			isa = PBXTargetDependency;
			target = C94AF9E827BDDE8A005E4067 /* Simple Calculator (macOS) */;
			targetProxy = C94AF9FD27BDDE8A005E4067 /* PBXContainerItemProxy */;
		};
/* End PBXTargetDependency section */

/* Begin XCBuildConfiguration section */
		C94AFA0A27BDDE8A005E4067 /* Debug */ = {
			isa = XCBuildConfiguration;
			buildSettings = {
				ALWAYS_SEARCH_USER_PATHS = NO;
				CLANG_ANALYZER_NONNULL = YES;
				CLANG_ANALYZER_NUMBER_OBJECT_CONVERSION = YES_AGGRESSIVE;
				CLANG_CXX_LANGUAGE_STANDARD = "gnu++17";
				CLANG_CXX_LIBRARY = "libc++";
				CLANG_ENABLE_MODULES = YES;
				CLANG_ENABLE_OBJC_ARC = YES;
				CLANG_ENABLE_OBJC_WEAK = YES;
				CLANG_WARN_BLOCK_CAPTURE_AUTORELEASING = YES;
				CLANG_WARN_BOOL_CONVERSION = YES;
				CLANG_WARN_COMMA = YES;
				CLANG_WARN_CONSTANT_CONVERSION = YES;
				CLANG_WARN_DEPRECATED_OBJC_IMPLEMENTATIONS = YES;
				CLANG_WARN_DIRECT_OBJC_ISA_USAGE = YES_ERROR;
				CLANG_WARN_DOCUMENTATION_COMMENTS = YES;
				CLANG_WARN_EMPTY_BODY = YES;
				CLANG_WARN_ENUM_CONVERSION = YES;
				CLANG_WARN_INFINITE_RECURSION = YES;
				CLANG_WARN_INT_CONVERSION = YES;
				CLANG_WARN_NON_LITERAL_NULL_CONVERSION = YES;
				CLANG_WARN_OBJC_IMPLICIT_RETAIN_SELF = YES;
				CLANG_WARN_OBJC_LITERAL_CONVERSION = YES;
				CLANG_WARN_OBJC_ROOT_CLASS = YES_ERROR;
				CLANG_WARN_QUOTED_INCLUDE_IN_FRAMEWORK_HEADER = YES;
				CLANG_WARN_RANGE_LOOP_ANALYSIS = YES;
				CLANG_WARN_STRICT_PROTOTYPES = YES;
				CLANG_WARN_SUSPICIOUS_MOVE = YES;
				CLANG_WARN_UNGUARDED_AVAILABILITY = YES_AGGRESSIVE;
				CLANG_WARN_UNREACHABLE_CODE = YES;
				CLANG_WARN__DUPLICATE_METHOD_MATCH = YES;
				COPY_PHASE_STRIP = NO;
				DEBUG_INFORMATION_FORMAT = dwarf;
				ENABLE_STRICT_OBJC_MSGSEND = YES;
				ENABLE_TESTABILITY = YES;
				GCC_C_LANGUAGE_STANDARD = gnu11;
				GCC_DYNAMIC_NO_PIC = NO;
				GCC_NO_COMMON_BLOCKS = YES;
				GCC_OPTIMIZATION_LEVEL = 0;
				GCC_PREPROCESSOR_DEFINITIONS = (
					"DEBUG=1",
					"$(inherited)",
				);
				GCC_WARN_64_TO_32_BIT_CONVERSION = YES;
				GCC_WARN_ABOUT_RETURN_TYPE = YES_ERROR;
				GCC_WARN_UNDECLARED_SELECTOR = YES;
				GCC_WARN_UNINITIALIZED_AUTOS = YES_AGGRESSIVE;
				GCC_WARN_UNUSED_FUNCTION = YES;
				GCC_WARN_UNUSED_VARIABLE = YES;
				MTL_ENABLE_DEBUG_INFO = INCLUDE_SOURCE;
				MTL_FAST_MATH = YES;
				ONLY_ACTIVE_ARCH = YES;
				SWIFT_ACTIVE_COMPILATION_CONDITIONS = DEBUG;
				SWIFT_OPTIMIZATION_LEVEL = "-Onone";
			};
			name = Debug;
		};
		C94AFA0B27BDDE8A005E4067 /* Release */ = {
			isa = XCBuildConfiguration;
			buildSettings = {
				ALWAYS_SEARCH_USER_PATHS = NO;
				CLANG_ANALYZER_NONNULL = YES;
				CLANG_ANALYZER_NUMBER_OBJECT_CONVERSION = YES_AGGRESSIVE;
				CLANG_CXX_LANGUAGE_STANDARD = "gnu++17";
				CLANG_CXX_LIBRARY = "libc++";
				CLANG_ENABLE_MODULES = YES;
				CLANG_ENABLE_OBJC_ARC = YES;
				CLANG_ENABLE_OBJC_WEAK = YES;
				CLANG_WARN_BLOCK_CAPTURE_AUTORELEASING = YES;
				CLANG_WARN_BOOL_CONVERSION = YES;
				CLANG_WARN_COMMA = YES;
				CLANG_WARN_CONSTANT_CONVERSION = YES;
				CLANG_WARN_DEPRECATED_OBJC_IMPLEMENTATIONS = YES;
				CLANG_WARN_DIRECT_OBJC_ISA_USAGE = YES_ERROR;
				CLANG_WARN_DOCUMENTATION_COMMENTS = YES;
				CLANG_WARN_EMPTY_BODY = YES;
				CLANG_WARN_ENUM_CONVERSION = YES;
				CLANG_WARN_INFINITE_RECURSION = YES;
				CLANG_WARN_INT_CONVERSION = YES;
				CLANG_WARN_NON_LITERAL_NULL_CONVERSION = YES;
				CLANG_WARN_OBJC_IMPLICIT_RETAIN_SELF = YES;
				CLANG_WARN_OBJC_LITERAL_CONVERSION = YES;
				CLANG_WARN_OBJC_ROOT_CLASS = YES_ERROR;
				CLANG_WARN_QUOTED_INCLUDE_IN_FRAMEWORK_HEADER = YES;
				CLANG_WARN_RANGE_LOOP_ANALYSIS = YES;
				CLANG_WARN_STRICT_PROTOTYPES = YES;
				CLANG_WARN_SUSPICIOUS_MOVE = YES;
				CLANG_WARN_UNGUARDED_AVAILABILITY = YES_AGGRESSIVE;
				CLANG_WARN_UNREACHABLE_CODE = YES;
				CLANG_WARN__DUPLICATE_METHOD_MATCH = YES;
				COPY_PHASE_STRIP = NO;
				DEBUG_INFORMATION_FORMAT = "dwarf-with-dsym";
				ENABLE_NS_ASSERTIONS = NO;
				ENABLE_STRICT_OBJC_MSGSEND = YES;
				GCC_C_LANGUAGE_STANDARD = gnu11;
				GCC_NO_COMMON_BLOCKS = YES;
				GCC_WARN_64_TO_32_BIT_CONVERSION = YES;
				GCC_WARN_ABOUT_RETURN_TYPE = YES_ERROR;
				GCC_WARN_UNDECLARED_SELECTOR = YES;
				GCC_WARN_UNINITIALIZED_AUTOS = YES_AGGRESSIVE;
				GCC_WARN_UNUSED_FUNCTION = YES;
				GCC_WARN_UNUSED_VARIABLE = YES;
				MTL_ENABLE_DEBUG_INFO = NO;
				MTL_FAST_MATH = YES;
				SWIFT_COMPILATION_MODE = wholemodule;
				SWIFT_OPTIMIZATION_LEVEL = "-O";
			};
			name = Release;
		};
		C94AFA0D27BDDE8A005E4067 /* Debug */ = {
			isa = XCBuildConfiguration;
			buildSettings = {
				ASSETCATALOG_COMPILER_APPICON_NAME = AppIcon;
				ASSETCATALOG_COMPILER_GLOBAL_ACCENT_COLOR_NAME = AccentColor;
				CODE_SIGN_STYLE = Automatic;
				CURRENT_PROJECT_VERSION = 1;
				DEVELOPMENT_TEAM = 29829Y7Z67;
				ENABLE_PREVIEWS = YES;
				GENERATE_INFOPLIST_FILE = YES;
				INFOPLIST_KEY_UIApplicationSceneManifest_Generation = YES;
				INFOPLIST_KEY_UIApplicationSupportsIndirectInputEvents = YES;
				INFOPLIST_KEY_UILaunchScreen_Generation = YES;
				INFOPLIST_KEY_UISupportedInterfaceOrientations_iPad = "UIInterfaceOrientationPortrait UIInterfaceOrientationPortraitUpsideDown UIInterfaceOrientationLandscapeLeft UIInterfaceOrientationLandscapeRight";
				INFOPLIST_KEY_UISupportedInterfaceOrientations_iPhone = "UIInterfaceOrientationPortrait UIInterfaceOrientationLandscapeLeft UIInterfaceOrientationLandscapeRight";
				IPHONEOS_DEPLOYMENT_TARGET = 15.2;
				LD_RUNPATH_SEARCH_PATHS = (
					"$(inherited)",
					"@executable_path/Frameworks",
				);
				MARKETING_VERSION = 1.0;
				PRODUCT_BUNDLE_IDENTIFIER = "AppPeople.Simple-Calculator";
				PRODUCT_NAME = "Simple Calculator";
				SDKROOT = iphoneos;
				SWIFT_EMIT_LOC_STRINGS = YES;
				SWIFT_VERSION = 5.0;
				TARGETED_DEVICE_FAMILY = "1,2";
			};
			name = Debug;
		};
		C94AFA0E27BDDE8A005E4067 /* Release */ = {
			isa = XCBuildConfiguration;
			buildSettings = {
				ASSETCATALOG_COMPILER_APPICON_NAME = AppIcon;
				ASSETCATALOG_COMPILER_GLOBAL_ACCENT_COLOR_NAME = AccentColor;
				CODE_SIGN_STYLE = Automatic;
				CURRENT_PROJECT_VERSION = 1;
				DEVELOPMENT_TEAM = 29829Y7Z67;
				ENABLE_PREVIEWS = YES;
				GENERATE_INFOPLIST_FILE = YES;
				INFOPLIST_KEY_UIApplicationSceneManifest_Generation = YES;
				INFOPLIST_KEY_UIApplicationSupportsIndirectInputEvents = YES;
				INFOPLIST_KEY_UILaunchScreen_Generation = YES;
				INFOPLIST_KEY_UISupportedInterfaceOrientations_iPad = "UIInterfaceOrientationPortrait UIInterfaceOrientationPortraitUpsideDown UIInterfaceOrientationLandscapeLeft UIInterfaceOrientationLandscapeRight";
				INFOPLIST_KEY_UISupportedInterfaceOrientations_iPhone = "UIInterfaceOrientationPortrait UIInterfaceOrientationLandscapeLeft UIInterfaceOrientationLandscapeRight";
				IPHONEOS_DEPLOYMENT_TARGET = 15.2;
				LD_RUNPATH_SEARCH_PATHS = (
					"$(inherited)",
					"@executable_path/Frameworks",
				);
				MARKETING_VERSION = 1.0;
				PRODUCT_BUNDLE_IDENTIFIER = "AppPeople.Simple-Calculator";
				PRODUCT_NAME = "Simple Calculator";
				SDKROOT = iphoneos;
				SWIFT_EMIT_LOC_STRINGS = YES;
				SWIFT_VERSION = 5.0;
				TARGETED_DEVICE_FAMILY = "1,2";
				VALIDATE_PRODUCT = YES;
			};
			name = Release;
		};
		C94AFA1027BDDE8A005E4067 /* Debug */ = {
			isa = XCBuildConfiguration;
			buildSettings = {
				ASSETCATALOG_COMPILER_APPICON_NAME = AppIcon;
				ASSETCATALOG_COMPILER_GLOBAL_ACCENT_COLOR_NAME = AccentColor;
				CODE_SIGN_ENTITLEMENTS = macOS/macOS.entitlements;
				CODE_SIGN_STYLE = Automatic;
				COMBINE_HIDPI_IMAGES = YES;
				CURRENT_PROJECT_VERSION = 1;
				DEVELOPMENT_TEAM = 29829Y7Z67;
				ENABLE_HARDENED_RUNTIME = YES;
				ENABLE_PREVIEWS = YES;
				GENERATE_INFOPLIST_FILE = YES;
				INFOPLIST_KEY_NSHumanReadableCopyright = "";
				LD_RUNPATH_SEARCH_PATHS = (
					"$(inherited)",
					"@executable_path/../Frameworks",
				);
				MACOSX_DEPLOYMENT_TARGET = 12.1;
				MARKETING_VERSION = 1.0;
				PRODUCT_BUNDLE_IDENTIFIER = "AppPeople.Simple-Calculator";
				PRODUCT_NAME = "Simple Calculator";
				SDKROOT = macosx;
				SWIFT_EMIT_LOC_STRINGS = YES;
				SWIFT_VERSION = 5.0;
			};
			name = Debug;
		};
		C94AFA1127BDDE8A005E4067 /* Release */ = {
			isa = XCBuildConfiguration;
			buildSettings = {
				ASSETCATALOG_COMPILER_APPICON_NAME = AppIcon;
				ASSETCATALOG_COMPILER_GLOBAL_ACCENT_COLOR_NAME = AccentColor;
				CODE_SIGN_ENTITLEMENTS = macOS/macOS.entitlements;
				CODE_SIGN_STYLE = Automatic;
				COMBINE_HIDPI_IMAGES = YES;
				CURRENT_PROJECT_VERSION = 1;
				DEVELOPMENT_TEAM = 29829Y7Z67;
				ENABLE_HARDENED_RUNTIME = YES;
				ENABLE_PREVIEWS = YES;
				GENERATE_INFOPLIST_FILE = YES;
				INFOPLIST_KEY_NSHumanReadableCopyright = "";
				LD_RUNPATH_SEARCH_PATHS = (
					"$(inherited)",
					"@executable_path/../Frameworks",
				);
				MACOSX_DEPLOYMENT_TARGET = 12.1;
				MARKETING_VERSION = 1.0;
				PRODUCT_BUNDLE_IDENTIFIER = "AppPeople.Simple-Calculator";
				PRODUCT_NAME = "Simple Calculator";
				SDKROOT = macosx;
				SWIFT_EMIT_LOC_STRINGS = YES;
				SWIFT_VERSION = 5.0;
			};
			name = Release;
		};
		C94AFA1327BDDE8A005E4067 /* Debug */ = {
			isa = XCBuildConfiguration;
			buildSettings = {
				ALWAYS_EMBED_SWIFT_STANDARD_LIBRARIES = YES;
				CODE_SIGN_STYLE = Automatic;
				CURRENT_PROJECT_VERSION = 1;
				DEVELOPMENT_TEAM = 29829Y7Z67;
				GENERATE_INFOPLIST_FILE = YES;
				IPHONEOS_DEPLOYMENT_TARGET = 15.2;
				MARKETING_VERSION = 1.0;
				PRODUCT_BUNDLE_IDENTIFIER = "AppPeople.Tests-iOS";
				PRODUCT_NAME = "$(TARGET_NAME)";
				SDKROOT = iphoneos;
				SWIFT_EMIT_LOC_STRINGS = NO;
				SWIFT_VERSION = 5.0;
				TARGETED_DEVICE_FAMILY = "1,2";
				TEST_TARGET_NAME = "Simple Calculator (iOS)";
			};
			name = Debug;
		};
		C94AFA1427BDDE8A005E4067 /* Release */ = {
			isa = XCBuildConfiguration;
			buildSettings = {
				ALWAYS_EMBED_SWIFT_STANDARD_LIBRARIES = YES;
				CODE_SIGN_STYLE = Automatic;
				CURRENT_PROJECT_VERSION = 1;
				DEVELOPMENT_TEAM = 29829Y7Z67;
				GENERATE_INFOPLIST_FILE = YES;
				IPHONEOS_DEPLOYMENT_TARGET = 15.2;
				MARKETING_VERSION = 1.0;
				PRODUCT_BUNDLE_IDENTIFIER = "AppPeople.Tests-iOS";
				PRODUCT_NAME = "$(TARGET_NAME)";
				SDKROOT = iphoneos;
				SWIFT_EMIT_LOC_STRINGS = NO;
				SWIFT_VERSION = 5.0;
				TARGETED_DEVICE_FAMILY = "1,2";
				TEST_TARGET_NAME = "Simple Calculator (iOS)";
				VALIDATE_PRODUCT = YES;
			};
			name = Release;
		};
		C94AFA1627BDDE8A005E4067 /* Debug */ = {
			isa = XCBuildConfiguration;
			buildSettings = {
				ALWAYS_EMBED_SWIFT_STANDARD_LIBRARIES = YES;
				CODE_SIGN_STYLE = Automatic;
				CURRENT_PROJECT_VERSION = 1;
				DEVELOPMENT_TEAM = 29829Y7Z67;
				GENERATE_INFOPLIST_FILE = YES;
				MACOSX_DEPLOYMENT_TARGET = 12.1;
				MARKETING_VERSION = 1.0;
				PRODUCT_BUNDLE_IDENTIFIER = "AppPeople.Tests-macOS";
				PRODUCT_NAME = "$(TARGET_NAME)";
				SDKROOT = macosx;
				SWIFT_EMIT_LOC_STRINGS = NO;
				SWIFT_VERSION = 5.0;
				TEST_TARGET_NAME = "Simple Calculator (macOS)";
			};
			name = Debug;
		};
		C94AFA1727BDDE8A005E4067 /* Release */ = {
			isa = XCBuildConfiguration;
			buildSettings = {
				ALWAYS_EMBED_SWIFT_STANDARD_LIBRARIES = YES;
				CODE_SIGN_STYLE = Automatic;
				CURRENT_PROJECT_VERSION = 1;
				DEVELOPMENT_TEAM = 29829Y7Z67;
				GENERATE_INFOPLIST_FILE = YES;
				MACOSX_DEPLOYMENT_TARGET = 12.1;
				MARKETING_VERSION = 1.0;
				PRODUCT_BUNDLE_IDENTIFIER = "AppPeople.Tests-macOS";
				PRODUCT_NAME = "$(TARGET_NAME)";
				SDKROOT = macosx;
				SWIFT_EMIT_LOC_STRINGS = NO;
				SWIFT_VERSION = 5.0;
				TEST_TARGET_NAME = "Simple Calculator (macOS)";
			};
			name = Release;
		};
/* End XCBuildConfiguration section */

/* Begin XCConfigurationList section */
		C94AF9DA27BDDE8A005E4067 /* Build configuration list for PBXProject "Simple Calculator" */ = {
			isa = XCConfigurationList;
			buildConfigurations = (
				C94AFA0A27BDDE8A005E4067 /* Debug */,
				C94AFA0B27BDDE8A005E4067 /* Release */,
			);
			defaultConfigurationIsVisible = 0;
			defaultConfigurationName = Release;
		};
		C94AFA0C27BDDE8A005E4067 /* Build configuration list for PBXNativeTarget "Simple Calculator (iOS)" */ = {
			isa = XCConfigurationList;
			buildConfigurations = (
				C94AFA0D27BDDE8A005E4067 /* Debug */,
				C94AFA0E27BDDE8A005E4067 /* Release */,
			);
			defaultConfigurationIsVisible = 0;
			defaultConfigurationName = Release;
		};
		C94AFA0F27BDDE8A005E4067 /* Build configuration list for PBXNativeTarget "Simple Calculator (macOS)" */ = {
			isa = XCConfigurationList;
			buildConfigurations = (
				C94AFA1027BDDE8A005E4067 /* Debug */,
				C94AFA1127BDDE8A005E4067 /* Release */,
			);
			defaultConfigurationIsVisible = 0;
			defaultConfigurationName = Release;
		};
		C94AFA1227BDDE8A005E4067 /* Build configuration list for PBXNativeTarget "Tests iOS" */ = {
			isa = XCConfigurationList;
			buildConfigurations = (
				C94AFA1327BDDE8A005E4067 /* Debug */,
				C94AFA1427BDDE8A005E4067 /* Release */,
			);
			defaultConfigurationIsVisible = 0;
			defaultConfigurationName = Release;
		};
		C94AFA1527BDDE8A005E4067 /* Build configuration list for PBXNativeTarget "Tests macOS" */ = {
			isa = XCConfigurationList;
			buildConfigurations = (
				C94AFA1627BDDE8A005E4067 /* Debug */,
				C94AFA1727BDDE8A005E4067 /* Release */,
			);
			defaultConfigurationIsVisible = 0;
			defaultConfigurationName = Release;
		};
/* End XCConfigurationList section */
	};
	rootObject = C94AF9D727BDDE8A005E4067 /* Project object */;
}
